{
  "lockfileVersion": 1,
  "workspaces": {
    "": {
      "name": "standalone",
      "devDependencies": {
        "@preact/signals": "^2.2.1",
        "@types/node": "^22.0.0",
        "htm": "3.1.1",
        "preact": "^10.27.0",
        "typescript": "^5.5.0",
      },
    },
  },
  "packages": {
    "@preact/signals": ["@preact/signals@2.2.1", "", { "dependencies": { "@preact/signals-core": "^1.11.0" }, "peerDependencies": { "preact": ">= 10.25.0" } }, "sha512-cX3mijdjHbbz3dBoJ6z687CGYEOp9ifj3uFnm4UKW+DxXKPMvE2y/VSdm0PXhXmHnr6F0iSnDJ+dLwmV7CYT5A=="],

    "@preact/signals-core": ["@preact/signals-core@1.11.0", "", {}, "sha512-jglbibeWHuFRzEWVFY/TT7wB1PppJxmcSfUHcK+2J9vBRtiooMfw6tAPttojNYrrpdGViqAYCbPpmWYlMm+eMQ=="],

    "@types/node": ["@types/node@22.17.0", "", { "dependencies": { "undici-types": "~6.21.0" } }, "sha512-bbAKTCqX5aNVryi7qXVMi+OkB3w/OyblodicMbvE38blyAz7GxXf6XYhklokijuPwwVg9sDLKRxt0ZHXQwZVfQ=="],

    "htm": ["htm@3.1.1", "", {}, "sha512-983Vyg8NwUE7JkZ6NmOqpCZ+sh1bKv2iYTlUkzlWmA5JD2acKoxd4KVxbMmxX/85mtfdnDmTFoNKcg5DGAvxNQ=="],

    "preact": ["preact@10.27.0", "", {}, "sha512-/DTYoB6mwwgPytiqQTh/7SFRL98ZdiD8Sk8zIUVOxtwq4oWcwrcd1uno9fE/zZmUaUrFNYzbH14CPebOz9tZQw=="],

    "typescript": ["typescript@5.9.2", "", { "bin": { "tsc": "bin/tsc", "tsserver": "bin/tsserver" } }, "sha512-CWBzXQrc/qOkhidw1OzBTQuYRbfyxDXJMVJ1XNwUHGROVmuaeiEm3OslpZ1RV96d7SKKjZKrSJu3+t/xlw3R9A=="],

    "undici-types": ["undici-types@6.21.0", "", {}, "sha512-iwDZqg0QAGrg9Rav5H4n0M64c3mkR59cJ6wQp+7C4nI0gsmExaedaYLNO44eT4AtBBwjbTiGPMlt2Md0T9H9JQ=="],
  }
}
